// !$*UTF8*$!
{
	archiveVersion = 1;
	classes = {
	};
	objectVersion = 46;
	objects = {

/* Begin PBXBuildFile section */
		9907D3D11BD08A40007D7471 /* main.m in Sources */ = {isa = PBXBuildFile; fileRef = 9907D3D01BD08A40007D7471 /* main.m */; };
		9907D3D41BD08A40007D7471 /* AppDelegate.m in Sources */ = {isa = PBXBuildFile; fileRef = 9907D3D31BD08A40007D7471 /* AppDelegate.m */; };
		9907D3D71BD08A40007D7471 /* ViewController.m in Sources */ = {isa = PBXBuildFile; fileRef = 9907D3D61BD08A40007D7471 /* ViewController.m */; };
		9907D3DA1BD08A40007D7471 /* Main.storyboard in Resources */ = {isa = PBXBuildFile; fileRef = 9907D3D81BD08A40007D7471 /* Main.storyboard */; };
		9907D3DC1BD08A40007D7471 /* Images.xcassets in Resources */ = {isa = PBXBuildFile; fileRef = 9907D3DB1BD08A40007D7471 /* Images.xcassets */; };
		9907D3DF1BD08A40007D7471 /* LaunchScreen.xib in Resources */ = {isa = PBXBuildFile; fileRef = 9907D3DD1BD08A40007D7471 /* LaunchScreen.xib */; };
		9907D3EB1BD08A40007D7471 /* WTChooseImageTests.m in Sources */ = {isa = PBXBuildFile; fileRef = 9907D3EA1BD08A40007D7471 /* WTChooseImageTests.m */; };
/* End PBXBuildFile section */

/* Begin PBXContainerItemProxy section */
		9907D3E51BD08A40007D7471 /* PBXContainerItemProxy */ = {
			isa = PBXContainerItemProxy;
			containerPortal = 9907D3C31BD08A40007D7471 /* Project object */;
			proxyType = 1;
			remoteGlobalIDString = 9907D3CA1BD08A40007D7471;
			remoteInfo = WTChooseImage;
		};
/* End PBXContainerItemProxy section */

/* Begin PBXFileReference section */
		9907D3CB1BD08A40007D7471 /* WTChooseImage.app */ = {isa = PBXFileReference; explicitFileType = wrapper.application; includeInIndex = 0; path = WTChooseImage.app; sourceTree = BUILT_PRODUCTS_DIR; };
		9907D3CF1BD08A40007D7471 /* Info.plist */ = {isa = PBXFileReference; lastKnownFileType = text.plist.xml; path = Info.plist; sourceTree = "<group>"; };
		9907D3D01BD08A40007D7471 /* main.m */ = {isa = PBXFileReference; lastKnownFileType = sourcecode.c.objc; path = main.m; sourceTree = "<group>"; };
		9907D3D21BD08A40007D7471 /* AppDelegate.h */ = {isa = PBXFileReference; lastKnownFileType = sourcecode.c.h; path = AppDelegate.h; sourceTree = "<group>"; };
		9907D3D31BD08A40007D7471 /* AppDelegate.m */ = {isa = PBXFileReference; lastKnownFileType = sourcecode.c.objc; path = AppDelegate.m; sourceTree = "<group>"; };
		9907D3D51BD08A40007D7471 /* ViewController.h */ = {isa = PBXFileReference; lastKnownFileType = sourcecode.c.h; path = ViewController.h; sourceTree = "<group>"; };
		9907D3D61BD08A40007D7471 /* ViewController.m */ = {isa = PBXFileReference; lastKnownFileType = sourcecode.c.objc; path = ViewController.m; sourceTree = "<group>"; };
		9907D3D91BD08A40007D7471 /* Base */ = {isa = PBXFileReference; lastKnownFileType = file.storyboard; name = Base; path = Base.lproj/Main.storyboard; sourceTree = "<group>"; };
		9907D3DB1BD08A40007D7471 /* Images.xcassets */ = {isa = PBXFileReference; lastKnownFileType = folder.assetcatalog; path = Images.xcassets; sourceTree = "<group>"; };
		9907D3DE1BD08A40007D7471 /* Base */ = {isa = PBXFileReference; lastKnownFileType = file.xib; name = Base; path = Base.lproj/LaunchScreen.xib; sourceTree = "<group>"; };
		9907D3E41BD08A40007D7471 /* WTChooseImageTests.xctest */ = {isa = PBXFileReference; explicitFileType = wrapper.cfbundle; includeInIndex = 0; path = WTChooseImageTests.xctest; sourceTree = BUILT_PRODUCTS_DIR; };
		9907D3E91BD08A40007D7471 /* Info.plist */ = {isa = PBXFileReference; lastKnownFileType = text.plist.xml; path = Info.plist; sourceTree = "<group>"; };
		9907D3EA1BD08A40007D7471 /* WTChooseImageTests.m */ = {isa = PBXFileReference; lastKnownFileType = sourcecode.c.objc; path = WTChooseImageTests.m; sourceTree = "<group>"; };
/* End PBXFileReference section */

/* Begin PBXFrameworksBuildPhase section */
		9907D3C81BD08A40007D7471 /* Frameworks */ = {
			isa = PBXFrameworksBuildPhase;
			buildActionMask = 2147483647;
			files = (
			);
			runOnlyForDeploymentPostprocessing = 0;
		};
		9907D3E11BD08A40007D7471 /* Frameworks */ = {
			isa = PBXFrameworksBuildPhase;
			buildActionMask = 2147483647;
			files = (
			);
			runOnlyForDeploymentPostprocessing = 0;
		};
/* End PBXFrameworksBuildPhase section */

/* Begin PBXGroup section */
		9907D3C21BD08A40007D7471 = {
			isa = PBXGroup;
			children = (
				9907D3CD1BD08A40007D7471 /* WTChooseImage */,
				9907D3E71BD08A40007D7471 /* WTChooseImageTests */,
				9907D3CC1BD08A40007D7471 /* Products */,
			);
			sourceTree = "<group>";
		};
		9907D3CC1BD08A40007D7471 /* Products */ = {
			isa = PBXGroup;
			children = (
				9907D3CB1BD08A40007D7471 /* WTChooseImage.app */,
				9907D3E41BD08A40007D7471 /* WTChooseImageTests.xctest */,
			);
			name = Products;
			sourceTree = "<group>";
		};
		9907D3CD1BD08A40007D7471 /* WTChooseImage */ = {
			isa = PBXGroup;
			children = (
				9907D3D21BD08A40007D7471 /* AppDelegate.h */,
				9907D3D31BD08A40007D7471 /* AppDelegate.m */,
				9907D3D51BD08A40007D7471 /* ViewController.h */,
				9907D3D61BD08A40007D7471 /* ViewController.m */,
				9907D3D81BD08A40007D7471 /* Main.storyboard */,
				9907D3DB1BD08A40007D7471 /* Images.xcassets */,
				9907D3DD1BD08A40007D7471 /* LaunchScreen.xib */,
				9907D3CE1BD08A40007D7471 /* Supporting Files */,
			);
			path = WTChooseImage;
			sourceTree = "<group>";
		};
		9907D3CE1BD08A40007D7471 /* Supporting Files */ = {
			isa = PBXGroup;
			children = (
				9907D3CF1BD08A40007D7471 /* Info.plist */,
				9907D3D01BD08A40007D7471 /* main.m */,
			);
			name = "Supporting Files";
			sourceTree = "<group>";
		};
		9907D3E71BD08A40007D7471 /* WTChooseImageTests */ = {
			isa = PBXGroup;
			children = (
				9907D3EA1BD08A40007D7471 /* WTChooseImageTests.m */,
				9907D3E81BD08A40007D7471 /* Supporting Files */,
			);
			path = WTChooseImageTests;
			sourceTree = "<group>";
		};
		9907D3E81BD08A40007D7471 /* Supporting Files */ = {
			isa = PBXGroup;
			children = (
				9907D3E91BD08A40007D7471 /* Info.plist */,
			);
			name = "Supporting Files";
			sourceTree = "<group>";
		};
/* End PBXGroup section */

/* Begin PBXNativeTarget section */
		9907D3CA1BD08A40007D7471 /* WTChooseImage */ = {
			isa = PBXNativeTarget;
			buildConfigurationList = 9907D3EE1BD08A40007D7471 /* Build configuration list for PBXNativeTarget "WTChooseImage" */;
			buildPhases = (
				9907D3C71BD08A40007D7471 /* Sources */,
				9907D3C81BD08A40007D7471 /* Frameworks */,
				9907D3C91BD08A40007D7471 /* Resources */,
			);
			buildRules = (
			);
			dependencies = (
			);
			name = WTChooseImage;
			productName = WTChooseImage;
			productReference = 9907D3CB1BD08A40007D7471 /* WTChooseImage.app */;
			productType = "com.apple.product-type.application";
		};
		9907D3E31BD08A40007D7471 /* WTChooseImageTests */ = {
			isa = PBXNativeTarget;
			buildConfigurationList = 9907D3F11BD08A40007D7471 /* Build configuration list for PBXNativeTarget "WTChooseImageTests" */;
			buildPhases = (
				9907D3E01BD08A40007D7471 /* Sources */,
				9907D3E11BD08A40007D7471 /* Frameworks */,
				9907D3E21BD08A40007D7471 /* Resources */,
			);
			buildRules = (
			);
			dependencies = (
				9907D3E61BD08A40007D7471 /* PBXTargetDependency */,
			);
			name = WTChooseImageTests;
			productName = WTChooseImageTests;
			productReference = 9907D3E41BD08A40007D7471 /* WTChooseImageTests.xctest */;
			productType = "com.apple.product-type.bundle.unit-test";
		};
/* End PBXNativeTarget section */

/* Begin PBXProject section */
		9907D3C31BD08A40007D7471 /* Project object */ = {
			isa = PBXProject;
			attributes = {
				LastUpgradeCheck = 0640;
				ORGANIZATIONNAME = WT;
				TargetAttributes = {
					9907D3CA1BD08A40007D7471 = {
						CreatedOnToolsVersion = 6.4;
					};
					9907D3E31BD08A40007D7471 = {
						CreatedOnToolsVersion = 6.4;
						TestTargetID = 9907D3CA1BD08A40007D7471;
					};
				};
			};
			buildConfigurationList = 9907D3C61BD08A40007D7471 /* Build configuration list for PBXProject "WTChooseImage" */;
			compatibilityVersion = "Xcode 3.2";
			developmentRegion = English;
			hasScannedForEncodings = 0;
			knownRegions = (
				en,
				Base,
			);
			mainGroup = 9907D3C21BD08A40007D7471;
			productRefGroup = 9907D3CC1BD08A40007D7471 /* Products */;
			projectDirPath = "";
			projectRoot = "";
			targets = (
				9907D3CA1BD08A40007D7471 /* WTChooseImage */,
				9907D3E31BD08A40007D7471 /* WTChooseImageTests */,
			);
		};
/* End PBXProject section */

/* Begin PBXResourcesBuildPhase section */
		9907D3C91BD08A40007D7471 /* Resources */ = {
			isa = PBXResourcesBuildPhase;
			buildActionMask = 2147483647;
			files = (
				9907D3DA1BD08A40007D7471 /* Main.storyboard in Resources */,
				9907D3DF1BD08A40007D7471 /* LaunchScreen.xib in Resources */,
				9907D3DC1BD08A40007D7471 /* Images.xcassets in Resources */,
			);
			runOnlyForDeploymentPostprocessing = 0;
		};
		9907D3E21BD08A40007D7471 /* Resources */ = {
			isa = PBXResourcesBuildPhase;
			buildActionMask = 2147483647;
			files = (
			);
			runOnlyForDeploymentPostprocessing = 0;
		};
/* End PBXResourcesBuildPhase section */

/* Begin PBXSourcesBuildPhase section */
		9907D3C71BD08A40007D7471 /* Sources */ = {
			isa = PBXSourcesBuildPhase;
			buildActionMask = 2147483647;
			files = (
				9907D3D71BD08A40007D7471 /* ViewController.m in Sources */,
				9907D3D41BD08A40007D7471 /* AppDelegate.m in Sources */,
				9907D3D11BD08A40007D7471 /* main.m in Sources */,
			);
			runOnlyForDeploymentPostprocessing = 0;
		};
		9907D3E01BD08A40007D7471 /* Sources */ = {
			isa = PBXSourcesBuildPhase;
			buildActionMask = 2147483647;
			files = (
				9907D3EB1BD08A40007D7471 /* WTChooseImageTests.m in Sources */,
			);
			runOnlyForDeploymentPostprocessing = 0;
		};
/* End PBXSourcesBuildPhase section */

/* Begin PBXTargetDependency section */
		9907D3E61BD08A40007D7471 /* PBXTargetDependency */ = {
			isa = PBXTargetDependency;
			target = 9907D3CA1BD08A40007D7471 /* WTChooseImage */;
			targetProxy = 9907D3E51BD08A40007D7471 /* PBXContainerItemProxy */;
		};
/* End PBXTargetDependency section */

/* Begin PBXVariantGroup section */
		9907D3D81BD08A40007D7471 /* Main.storyboard */ = {
			isa = PBXVariantGroup;
			children = (
				9907D3D91BD08A40007D7471 /* Base */,
			);
			name = Main.storyboard;
			sourceTree = "<group>";
		};
		9907D3DD1BD08A40007D7471 /* LaunchScreen.xib */ = {
			isa = PBXVariantGroup;
			children = (
				9907D3DE1BD08A40007D7471 /* Base */,
			);
			name = LaunchScreen.xib;
			sourceTree = "<group>";
		};
/* End PBXVariantGroup section */

/* Begin XCBuildConfiguration section */
		9907D3EC1BD08A40007D7471 /* Debug */ = {
			isa = XCBuildConfiguration;
			buildSettings = {
				ALWAYS_SEARCH_USER_PATHS = NO;
				CLANG_CXX_LANGUAGE_STANDARD = "gnu++0x";
				CLANG_CXX_LIBRARY = "libc++";
				CLANG_ENABLE_MODULES = YES;
				CLANG_ENABLE_OBJC_ARC = YES;
				CLANG_WARN_BOOL_CONVERSION = YES;
				CLANG_WARN_CONSTANT_CONVERSION = YES;
				CLANG_WARN_DIRECT_OBJC_ISA_USAGE = YES_ERROR;
				CLANG_WARN_EMPTY_BODY = YES;
				CLANG_WARN_ENUM_CONVERSION = YES;
				CLANG_WARN_INT_CONVERSION = YES;
				CLANG_WARN_OBJC_ROOT_CLASS = YES_ERROR;
				CLANG_WARN_UNREACHABLE_CODE = YES;
				CLANG_WARN__DUPLICATE_METHOD_MATCH = YES;
				"CODE_SIGN_IDENTITY[sdk=iphoneos*]" = "iPhone Developer";
				COPY_PHASE_STRIP = NO;
				DEBUG_INFORMATION_FORMAT = "dwarf-with-dsym";
				ENABLE_STRICT_OBJC_MSGSEND = YES;
				GCC_C_LANGUAGE_STANDARD = gnu99;
				GCC_DYNAMIC_NO_PIC = NO;
				GCC_NO_COMMON_BLOCKS = YES;
				GCC_OPTIMIZATION_LEVEL = 0;
				GCC_PREPROCESSOR_DEFINITIONS = (
					"DEBUG=1",
					"$(inherited)",
				);
				GCC_SYMBOLS_PRIVATE_EXTERN = NO;
				GCC_WARN_64_TO_32_BIT_CONVERSION = YES;
				GCC_WARN_ABOUT_RETURN_TYPE = YES_ERROR;
				GCC_WARN_UNDECLARED_SELECTOR = YES;
				GCC_WARN_UNINITIALIZED_AUTOS = YES_AGGRESSIVE;
				GCC_WARN_UNUSED_FUNCTION = YES;
				GCC_WARN_UNUSED_VARIABLE = YES;
				IPHONEOS_DEPLOYMENT_TARGET = 8.4;
				MTL_ENABLE_DEBUG_INFO = YES;
				ONLY_ACTIVE_ARCH = YES;
				SDKROOT = iphoneos;
			};
			name = Debug;
		};
		9907D3ED1BD08A40007D7471 /* Release */ = {
			isa = XCBuildConfiguration;
			buildSettings = {
				ALWAYS_SEARCH_USER_PATHS = NO;
				CLANG_CXX_LANGUAGE_STANDARD = "gnu++0x";
				CLANG_CXX_LIBRARY = "libc++";
				CLANG_ENABLE_MODULES = YES;
				CLANG_ENABLE_OBJC_ARC = YES;
				CLANG_WARN_BOOL_CONVERSION = YES;
				CLANG_WARN_CONSTANT_CONVERSION = YES;
				CLANG_WARN_DIRECT_OBJC_ISA_USAGE = YES_ERROR;
				CLANG_WARN_EMPTY_BODY = YES;
				CLANG_WARN_ENUM_CONVERSION = YES;
				CLANG_WARN_INT_CONVERSION = YES;
				CLANG_WARN_OBJC_ROOT_CLASS = YES_ERROR;
				CLANG_WARN_UNREACHABLE_CODE = YES;
				CLANG_WARN__DUPLICATE_METHOD_MATCH = YES;
				"CODE_SIGN_IDENTITY[sdk=iphoneos*]" = "iPhone Developer";
				COPY_PHASE_STRIP = NO;
				DEBUG_INFORMATION_FORMAT = "dwarf-with-dsym";
				ENABLE_NS_ASSERTIONS = NO;
				ENABLE_STRICT_OBJC_MSGSEND = YES;
				GCC_C_LANGUAGE_STANDARD = gnu99;
				GCC_NO_COMMON_BLOCKS = YES;
				GCC_WARN_64_TO_32_BIT_CONVERSION = YES;
				GCC_WARN_ABOUT_RETURN_TYPE = YES_ERROR;
				GCC_WARN_UNDECLARED_SELECTOR = YES;
				GCC_WARN_UNINITIALIZED_AUTOS = YES_AGGRESSIVE;
				GCC_WARN_UNUSED_FUNCTION = YES;
				GCC_WARN_UNUSED_VARIABLE = YES;
				IPHONEOS_DEPLOYMENT_TARGET = 8.4;
				MTL_ENABLE_DEBUG_INFO = NO;
				SDKROOT = iphoneos;
				VALIDATE_PRODUCT = YES;
			};
			name = Release;
		};
		9907D3EF1BD08A40007D7471 /* Debug */ = {
			isa = XCBuildConfiguration;
			buildSettings = {
				ASSETCATALOG_COMPILER_APPICON_NAME = AppIcon;
				INFOPLIST_FILE = WTChooseImage/Info.plist;
				LD_RUNPATH_SEARCH_PATHS = "$(inherited) @executable_path/Frameworks";
				PRODUCT_NAME = "$(TARGET_NAME)";
			};
			name = Debug;
		};
		9907D3F01BD08A40007D7471 /* Release */ = {
			isa = XCBuildConfiguration;
			buildSettings = {
				ASSETCATALOG_COMPILER_APPICON_NAME = AppIcon;
				INFOPLIST_FILE = WTChooseImage/Info.plist;
				LD_RUNPATH_SEARCH_PATHS = "$(inherited) @executable_path/Frameworks";
				PRODUCT_NAME = "$(TARGET_NAME)";
			};
			name = Release;
		};
		9907D3F21BD08A40007D7471 /* Debug */ = {
			isa = XCBuildConfiguration;
			buildSettings = {
				BUNDLE_LOADER = "$(TEST_HOST)";
				FRAMEWORK_SEARCH_PATHS = (
					"$(SDKROOT)/Developer/Library/Frameworks",
					"$(inherited)",
				);
				GCC_PREPROCESSOR_DEFINITIONS = (
					"DEBUG=1",
					"$(inherited)",
				);
				INFOPLIST_FILE = WTChooseImageTests/Info.plist;
				LD_RUNPATH_SEARCH_PATHS = "$(inherited) @executable_path/Frameworks @loader_path/Frameworks";
				PRODUCT_NAME = "$(TARGET_NAME)";
				TEST_HOST = "$(BUILT_PRODUCTS_DIR)/WTChooseImage.app/WTChooseImage";
			};
			name = Debug;
		};
		9907D3F31BD08A40007D7471 /* Release */ = {
			isa = XCBuildConfiguration;
			buildSettings = {
				BUNDLE_LOADER = "$(TEST_HOST)";
				FRAMEWORK_SEARCH_PATHS = (
					"$(SDKROOT)/Developer/Library/Frameworks",
					"$(inherited)",
				);
				INFOPLIST_FILE = WTChooseImageTests/Info.plist;
				LD_RUNPATH_SEARCH_PATHS = "$(inherited) @executable_path/Frameworks @loader_path/Frameworks";
				PRODUCT_NAME = "$(TARGET_NAME)";
				TEST_HOST = "$(BUILT_PRODUCTS_DIR)/WTChooseImage.app/WTChooseImage";
			};
			name = Release;
		};
/* End XCBuildConfiguration section */

/* Begin XCConfigurationList section */
		9907D3C61BD08A40007D7471 /* Build configuration list for PBXProject "WTChooseImage" */ = {
			isa = XCConfigurationList;
			buildConfigurations = (
				9907D3EC1BD08A40007D7471 /* Debug */,
				9907D3ED1BD08A40007D7471 /* Release */,
			);
			defaultConfigurationIsVisible = 0;
			defaultConfigurationName = Release;
		};
		9907D3EE1BD08A40007D7471 /* Build configuration list for PBXNativeTarget "WTChooseImage" */ = {
			isa = XCConfigurationList;
			buildConfigurations = (
				9907D3EF1BD08A40007D7471 /* Debug */,
				9907D3F01BD08A40007D7471 /* Release */,
			);
			defaultConfigurationIsVisible = 0;
		};
		9907D3F11BD08A40007D7471 /* Build configuration list for PBXNativeTarget "WTChooseImageTests" */ = {
			isa = XCConfigurationList;
			buildConfigurations = (
				9907D3F21BD08A40007D7471 /* Debug */,
				9907D3F31BD08A40007D7471 /* Release */,
			);
			defaultConfigurationIsVisible = 0;
		};
/* End XCConfigurationList section */
	};
	rootObject = 9907D3C31BD08A40007D7471 /* Project object */;
}
